<?xml version="1.0" encoding="utf-8"?>
<Project ToolsVersion="4.0" xmlns="http://schemas.microsoft.com/developer/msbuild/2003">
  <ItemGroup>
    <Filter Include="源文件">
      <UniqueIdentifier>{4FC737F1-C7A5-4376-A066-2A32D752A2FF}</UniqueIdentifier>
      <Extensions>cpp;c;cc;cxx;def;odl;idl;hpj;bat;asm;asmx</Extensions>
    </Filter>
    <Filter Include="头文件">
      <UniqueIdentifier>{93995380-89BD-4b04-88EB-625FBE52EBFB}</UniqueIdentifier>
      <Extensions>h;hh;hpp;hxx;hm;inl;inc;xsd</Extensions>
    </Filter>
    <Filter Include="资源文件">
      <UniqueIdentifier>{67DA6AB6-F800-4c08-8B7A-83BB121AAD01}</UniqueIdentifier>
      <Extensions>rc;ico;cur;bmp;dlg;rc2;rct;bin;rgs;gif;jpg;jpeg;jpe;resx;tiff;tif;png;wav;mfcribbon-ms</Extensions>
    </Filter>
  </ItemGroup>
  <ItemGroup>
    <ClInclude Include="base.h">
      <Filter>头文件</Filter>
    </ClInclude>
    <ClInclude Include="第08章 线性时间排序\08_2_计数排序.h">
      <Filter>头文件</Filter>
    </ClInclude>
    <ClInclude Include="第08章 线性时间排序\08_4_桶排序.h">
      <Filter>头文件</Filter>
    </ClInclude>
    <ClInclude Include="第02章 算法基础\02_1_插入排序.h">
      <Filter>头文件</Filter>
    </ClInclude>
    <ClInclude Include="第02章 算法基础\02_2_分析算法.h">
      <Filter>头文件</Filter>
    </ClInclude>
    <ClInclude Include="第02章 算法基础\02_3_设计算法.h">
      <Filter>头文件</Filter>
    </ClInclude>
    <ClInclude Include="第09章 中位数和顺序统计量\09_1_最大值和最小值.h">
      <Filter>头文件</Filter>
    </ClInclude>
    <ClInclude Include="第09章 中位数和顺序统计量\09_2_期望为线性时间的选择算法.h">
      <Filter>头文件</Filter>
    </ClInclude>
    <ClInclude Include="第06章 堆排序\06_1_堆_2_堆的性质.h">
      <Filter>头文件</Filter>
    </ClInclude>
    <ClInclude Include="第06章 堆排序\06_3_建堆.h">
      <Filter>头文件</Filter>
    </ClInclude>
    <ClInclude Include="第06章 堆排序\06_4_堆排序算法.h">
      <Filter>头文件</Filter>
    </ClInclude>
    <ClInclude Include="第06章 堆排序\06_5_优先队列.h">
      <Filter>头文件</Filter>
    </ClInclude>
    <ClInclude Include="第07章 快速排序\07_1_快速排序的描述.h">
      <Filter>头文件</Filter>
    </ClInclude>
    <ClInclude Include="第07章 快速排序\07_3_快速排序的随机化版本.h">
      <Filter>头文件</Filter>
    </ClInclude>
    <ClInclude Include="第07章 快速排序\07_习题.h">
      <Filter>头文件</Filter>
    </ClInclude>
    <ClInclude Include="第12章 二叉搜索树\12_1_建立_2_查询BST.h">
      <Filter>头文件</Filter>
    </ClInclude>
    <ClInclude Include="第12章 二叉搜索树\12_3_插入和删除.h">
      <Filter>头文件</Filter>
    </ClInclude>
    <ClInclude Include="第12章 二叉搜索树\test.h">
      <Filter>头文件</Filter>
    </ClInclude>
    <ClInclude Include="第13章 红黑树\13_红黑树.h">
      <Filter>头文件</Filter>
    </ClInclude>
    <ClInclude Include="第15章 动态规划\15_1_钢条切割.h">
      <Filter>头文件</Filter>
    </ClInclude>
    <ClInclude Include="第15章 动态规划\15_4_最长公共子序列.h">
      <Filter>头文件</Filter>
    </ClInclude>
    <ClInclude Include="第15章 动态规划\15_5_最优二叉树.h">
      <Filter>头文件</Filter>
    </ClInclude>
    <ClInclude Include="第11章 散列表\11_1_直接寻址表.h">
      <Filter>头文件</Filter>
    </ClInclude>
    <ClInclude Include="第11章 散列表\11_2_散列表.h">
      <Filter>头文件</Filter>
    </ClInclude>
    <ClInclude Include="第11章 散列表\11_3_散列函数.h">
      <Filter>头文件</Filter>
    </ClInclude>
    <ClInclude Include="第10章 基本数据结构\10_1_栈和队列.h">
      <Filter>头文件</Filter>
    </ClInclude>
    <ClInclude Include="第10章 基本数据结构\10_2_链表.h">
      <Filter>头文件</Filter>
    </ClInclude>
    <ClInclude Include="第04章 分治策略\04_1_最大子数组问题.h">
      <Filter>头文件</Filter>
    </ClInclude>
    <ClInclude Include="第04章 分治策略\04_2_矩阵乘法的Strassen算法.h">
      <Filter>头文件</Filter>
    </ClInclude>
    <ClInclude Include="第16章 贪心算法\16_1_活动选择问题.h">
      <Filter>头文件</Filter>
    </ClInclude>
    <ClInclude Include="第16章 贪心算法\16_2_贪心算法原理.h">
      <Filter>头文件</Filter>
    </ClInclude>
    <ClInclude Include="第16章 贪心算法\16_3_哈夫曼编码.h">
      <Filter>头文件</Filter>
    </ClInclude>
    <ClInclude Include="第22章 基本的图算法\22_1_图的表示.h">
      <Filter>头文件</Filter>
    </ClInclude>
    <ClInclude Include="第22章 基本的图算法\22_2_广度优先搜索.h">
      <Filter>头文件</Filter>
    </ClInclude>
    <ClInclude Include="第22章 基本的图算法\22_3_深度优先搜索.h">
      <Filter>头文件</Filter>
    </ClInclude>
    <ClInclude Include="第18章 B树\18_2_B树上的基本操作_18_3_删除.h">
      <Filter>头文件</Filter>
    </ClInclude>
    <ClInclude Include="第19章 斐波那契堆\19_斐波那契堆.h">
      <Filter>头文件</Filter>
    </ClInclude>
    <ClInclude Include="第32章 字符串匹配\32_1_朴素字符串匹配算法.h">
      <Filter>头文件</Filter>
    </ClInclude>
    <ClInclude Include="第32章 字符串匹配\32_2_Rabin-Karp算法.h">
      <Filter>头文件</Filter>
    </ClInclude>
    <ClInclude Include="第32章 字符串匹配\32_4_Hnuth-Morris-Pratt算法.h">
      <Filter>头文件</Filter>
    </ClInclude>
    <ClInclude Include="第22章 基本的图算法\22_5_强连通分量.h">
      <Filter>头文件</Filter>
    </ClInclude>
    <ClInclude Include="第23章 最小生成树\23_2_Prim算法.h">
      <Filter>头文件</Filter>
    </ClInclude>
    <ClInclude Include="第23章 最小生成树\23_2_Kruskal算法.h">
      <Filter>头文件</Filter>
    </ClInclude>
    <ClInclude Include="第24章 单源最短路径\松弛操作.h">
      <Filter>头文件</Filter>
    </ClInclude>
    <ClInclude Include="第24章 单源最短路径\24_2_Bellman-Ford算法.h">
      <Filter>头文件</Filter>
    </ClInclude>
  </ItemGroup>
  <ItemGroup>
    <ClCompile Include="main.c">
      <Filter>源文件</Filter>
    </ClCompile>
  </ItemGroup>
</Project>